{
  "name": "Animalheart",
  "lockfileVersion": 3,
  "requires": true,
  "packages": {
    "": {
      "dependencies": {
        "@popperjs/core": "^2.11.8",
        "bootstrap": "^5.3.8",
        "ngx-bootstrap": "^20.0.2"
      }
    },
    "node_modules/@angular/animations": {
      "version": "20.3.1",
      "resolved": "https://registry.npmjs.org/@angular/animations/-/animations-20.3.1.tgz",
      "integrity": "sha512-mexSwaikVE2s+GDhB9fuagEvxbnKHWsqLlO7/R2nY9tTUxBO3drWe3p0D5GxG/EsEyzZU+86ED867q/JmAiVvw==",
      "license": "MIT",
      "peer": true,
      "dependencies": {
        "tslib": "^2.3.0"
      },
      "engines": {
        "node": "^20.19.0 || ^22.12.0 || >=24.0.0"
      },
      "peerDependencies": {
        "@angular/core": "20.3.1"
      }
    },
    "node_modules/@angular/common": {
      "version": "20.3.1",
      "resolved": "https://registry.npmjs.org/@angular/common/-/common-20.3.1.tgz",
      "integrity": "sha512-7Ru3BO4MOBQRMu9GJS+061cUsevKNsNAMxXnQtcqEaNyntUg2v0XiMdv4I7pQGtkQjFK17bKAxQ97jqxJfqsRQ==",
      "license": "MIT",
      "peer": true,
      "dependencies": {
        "tslib": "^2.3.0"
      },
      "engines": {
        "node": "^20.19.0 || ^22.12.0 || >=24.0.0"
      },
      "peerDependencies": {
        "@angular/core": "20.3.1",
        "rxjs": "^6.5.3 || ^7.4.0"
      }
    },
    "node_modules/@angular/core": {
      "version": "20.3.1",
      "resolved": "https://registry.npmjs.org/@angular/core/-/core-20.3.1.tgz",
      "integrity": "sha512-O03k9ivZ2CvoHXiXGH5WKlWlTtxF2UGMwGXWnV54vGViHwNcvU5Z3h6Ve6mdU9dYMHK9sGljYZnkRpwI3B8mnQ==",
      "license": "MIT",
      "peer": true,
      "dependencies": {
        "tslib": "^2.3.0"
      },
      "engines": {
        "node": "^20.19.0 || ^22.12.0 || >=24.0.0"
      },
      "peerDependencies": {
        "@angular/compiler": "20.3.1",
        "rxjs": "^6.5.3 || ^7.4.0",
        "zone.js": "~0.15.0"
      },
      "peerDependenciesMeta": {
        "@angular/compiler": {
          "optional": true
        },
        "zone.js": {
          "optional": true
        }
      }
    },
    "node_modules/@angular/forms": {
      "version": "20.3.1",
      "resolved": "https://registry.npmjs.org/@angular/forms/-/forms-20.3.1.tgz",
      "integrity": "sha512-P7cmfK1ldXS8KuPTwwIUTZs5AxhbPNumlumq+nfNJZAxv8/PQJh2W729M/EKHG8rB8cXjoo1K+olExnJNPVDTw==",
      "license": "MIT",
      "peer": true,
      "dependencies": {
        "tslib": "^2.3.0"
      },
      "engines": {
        "node": "^20.19.0 || ^22.12.0 || >=24.0.0"
      },
      "peerDependencies": {
        "@angular/common": "20.3.1",
        "@angular/core": "20.3.1",
        "@angular/platform-browser": "20.3.1",
        "rxjs": "^6.5.3 || ^7.4.0"
      }
    },
    "node_modules/@angular/platform-browser": {
      "version": "20.3.1",
      "resolved": "https://registry.npmjs.org/@angular/platform-browser/-/platform-browser-20.3.1.tgz",
      "integrity": "sha512-JiQWRvyVZDH0N9p+pnMOuTFGaw7jPakWDQCJBOBBLdE6AyOiy8YPBImRMrjNNIEqg36h1a8H32rBorf2TL3ExA==",
      "license": "MIT",
      "peer": true,
      "dependencies": {
        "tslib": "^2.3.0"
      },
      "engines": {
        "node": "^20.19.0 || ^22.12.0 || >=24.0.0"
      },
      "peerDependencies": {
        "@angular/animations": "20.3.1",
        "@angular/common": "20.3.1",
        "@angular/core": "20.3.1"
      },
      "peerDependenciesMeta": {
        "@angular/animations": {
          "optional": true
        }
      }
    },
    "node_modules/@popperjs/core": {
      "version": "2.11.8",
      "resolved": "https://registry.npmjs.org/@popperjs/core/-/core-2.11.8.tgz",
      "integrity": "sha512-P1st0aksCrn9sGZhp8GMYwBnQsbvAWsZAX44oXNNvLHGqAOcoVxmjZiohstwQ7SqKnbR47akdNi+uleWD8+g6A==",
      "license": "MIT",
      "funding": {
        "type": "opencollective",
        "url": "https://opencollective.com/popperjs"
      }
    },
    "node_modules/bootstrap": {
      "version": "5.3.8",
      "resolved": "https://registry.npmjs.org/bootstrap/-/bootstrap-5.3.8.tgz",
      "integrity": "sha512-HP1SZDqaLDPwsNiqRqi5NcP0SSXciX2s9E+RyqJIIqGo+vJeN5AJVM98CXmW/Wux0nQ5L7jeWUdplCEf0Ee+tg==",
      "funding": [
        {
          "type": "github",
          "url": "https://github.com/sponsors/twbs"
        },
        {
          "type": "opencollective",
          "url": "https://opencollective.com/bootstrap"
        }
      ],
      "license": "MIT",
      "peerDependencies": {
        "@popperjs/core": "^2.11.8"
      }
    },
    "node_modules/ngx-bootstrap": {
      "version": "20.0.2",
      "resolved": "https://registry.npmjs.org/ngx-bootstrap/-/ngx-bootstrap-20.0.2.tgz",
      "integrity": "sha512-huABQ3acd3GgFKj1ROfQXpgUp+rD24YJi1XC3IJtG2ZXUNPNsUUlhncPVEuOUW1nTTEsD6GNLGKyU4bndrpigg==",
      "license": "MIT",
      "dependencies": {
        "tslib": "^2.3.0"
      },
      "peerDependencies": {
        "@angular/animations": "^20.0.2",
        "@angular/common": "^20.0.2",
        "@angular/core": "^20.0.2",
        "@angular/forms": "^20.0.2",
        "rxjs": "^6.5.3 || ^7.4.0"
      }
    },
    "node_modules/rxjs": {
      "version": "7.8.2",
      "resolved": "https://registry.npmjs.org/rxjs/-/rxjs-7.8.2.tgz",
      "integrity": "sha512-dhKf903U/PQZY6boNNtAGdWbG85WAbjT/1xYoZIC7FAY0yWapOBQVsVrDl58W86//e1VpMNBtRV4MaXfdMySFA==",
      "license": "Apache-2.0",
      "peer": true,
      "dependencies": {
        "tslib": "^2.1.0"
      }
    },
    "node_modules/tslib": {
      "version": "2.8.1",
      "resolved": "https://registry.npmjs.org/tslib/-/tslib-2.8.1.tgz",
      "integrity": "sha512-oJFu94HQb+KVduSUQL7wnpmqnfmLsOA/nAh6b6EH0wCEoK0/mPeXU6c3wKDV83MkOuHPRHtSXKKU99IBazS/2w==",
      "license": "0BSD"
    }
  }
}
